// !$*UTF8*$!
{
	archiveVersion = 1;
	classes = {
	};
	objectVersion = 56;
	objects = {

/* Begin PBXBuildFile section */
		440156962A221FC6006C3B7A /* AppDelegate.swift in Sources */ = {isa = PBXBuildFile; fileRef = 440156952A221FC6006C3B7A /* AppDelegate.swift */; };
		440156982A221FC6006C3B7A /* SceneDelegate.swift in Sources */ = {isa = PBXBuildFile; fileRef = 440156972A221FC6006C3B7A /* SceneDelegate.swift */; };
		4401569F2A221FC8006C3B7A /* Assets.xcassets in Resources */ = {isa = PBXBuildFile; fileRef = 4401569E2A221FC8006C3B7A /* Assets.xcassets */; };
		440156A22A221FC8006C3B7A /* LaunchScreen.storyboard in Resources */ = {isa = PBXBuildFile; fileRef = 440156A02A221FC8006C3B7A /* LaunchScreen.storyboard */; };
		440156B42A2224A3006C3B7A /* Colors.swift in Sources */ = {isa = PBXBuildFile; fileRef = 440156B32A2224A3006C3B7A /* Colors.swift */; };
		440156BB2A2226B7006C3B7A /* UIColor+Extension.swift in Sources */ = {isa = PBXBuildFile; fileRef = 440156BA2A2226B7006C3B7A /* UIColor+Extension.swift */; };
		440156BD2A222886006C3B7A /* ViewController.swift in Sources */ = {isa = PBXBuildFile; fileRef = 440156BC2A222886006C3B7A /* ViewController.swift */; };
		440156BF2A2228D6006C3B7A /* Fonts.swift in Sources */ = {isa = PBXBuildFile; fileRef = 440156BE2A2228D6006C3B7A /* Fonts.swift */; };
		440156C62A2229BC006C3B7A /* Klasik Shadow.otf in Resources */ = {isa = PBXBuildFile; fileRef = 440156C32A2229BB006C3B7A /* Klasik Shadow.otf */; };
		440156C72A2229BC006C3B7A /* Klasik Regular.otf in Resources */ = {isa = PBXBuildFile; fileRef = 440156C42A2229BB006C3B7A /* Klasik Regular.otf */; };
		440156C82A2229BC006C3B7A /* Klasik Rough.otf in Resources */ = {isa = PBXBuildFile; fileRef = 440156C52A2229BC006C3B7A /* Klasik Rough.otf */; };
		440156D02A222A14006C3B7A /* Manrope-Medium.ttf in Resources */ = {isa = PBXBuildFile; fileRef = 440156C92A222A14006C3B7A /* Manrope-Medium.ttf */; };
		440156D12A222A14006C3B7A /* Manrope-Light.ttf in Resources */ = {isa = PBXBuildFile; fileRef = 440156CA2A222A14006C3B7A /* Manrope-Light.ttf */; };
		440156D22A222A14006C3B7A /* Manrope-SemiBold.ttf in Resources */ = {isa = PBXBuildFile; fileRef = 440156CB2A222A14006C3B7A /* Manrope-SemiBold.ttf */; };
		440156D32A222A14006C3B7A /* Manrope-ExtraLight.ttf in Resources */ = {isa = PBXBuildFile; fileRef = 440156CC2A222A14006C3B7A /* Manrope-ExtraLight.ttf */; };
		440156D42A222A14006C3B7A /* Manrope-Regular.ttf in Resources */ = {isa = PBXBuildFile; fileRef = 440156CD2A222A14006C3B7A /* Manrope-Regular.ttf */; };
		440156D52A222A14006C3B7A /* Manrope-Bold.ttf in Resources */ = {isa = PBXBuildFile; fileRef = 440156CE2A222A14006C3B7A /* Manrope-Bold.ttf */; };
		440156D62A222A14006C3B7A /* Manrope-ExtraBold.ttf in Resources */ = {isa = PBXBuildFile; fileRef = 440156CF2A222A14006C3B7A /* Manrope-ExtraBold.ttf */; };
		440156D82A2231FF006C3B7A /* UIView+Extension.swift in Sources */ = {isa = PBXBuildFile; fileRef = 440156D72A2231FF006C3B7A /* UIView+Extension.swift */; };
		440156DD2A2237DA006C3B7A /* LoginViewController.swift in Sources */ = {isa = PBXBuildFile; fileRef = 440156DC2A2237DA006C3B7A /* LoginViewController.swift */; };
		440156E12A230E21006C3B7A /* CustomInputTextField.swift in Sources */ = {isa = PBXBuildFile; fileRef = 440156E02A230E21006C3B7A /* CustomInputTextField.swift */; };
		440156F32A23978E006C3B7A /* LoginWithEmailView.swift in Sources */ = {isa = PBXBuildFile; fileRef = 440156F22A23978E006C3B7A /* LoginWithEmailView.swift */; };
		440156F52A239844006C3B7A /* CustomCardHeaderView.swift in Sources */ = {isa = PBXBuildFile; fileRef = 440156F42A239844006C3B7A /* CustomCardHeaderView.swift */; };
		440156FE2A26E92B006C3B7A /* SplashViewController.swift in Sources */ = {isa = PBXBuildFile; fileRef = 440156FC2A26E92B006C3B7A /* SplashViewController.swift */; };
		440156FF2A26E92B006C3B7A /* IntroductionViewController.swift in Sources */ = {isa = PBXBuildFile; fileRef = 440156FD2A26E92B006C3B7A /* IntroductionViewController.swift */; };
		440157012A2B17C6006C3B7A /* UIButton+Extension.swift in Sources */ = {isa = PBXBuildFile; fileRef = 440157002A2B17C6006C3B7A /* UIButton+Extension.swift */; };
		44193D3A2A27666D003597CB /* SignUpViewController.swift in Sources */ = {isa = PBXBuildFile; fileRef = 44193D392A27666D003597CB /* SignUpViewController.swift */; };
		44193D3C2A277646003597CB /* UIViewController+Extension.swift in Sources */ = {isa = PBXBuildFile; fileRef = 44193D3B2A277646003597CB /* UIViewController+Extension.swift */; };
		44DDF7412A2624D100502B0D /* others.swift in Sources */ = {isa = PBXBuildFile; fileRef = 44DDF7402A2624D100502B0D /* others.swift */; };
		C2E86C192A34B9BF00F95387 /* CoursesViewController.swift in Sources */ = {isa = PBXBuildFile; fileRef = C2E86C182A34B9BF00F95387 /* CoursesViewController.swift */; };
		C2E86C1F2A34C39F00F95387 /* CourseTableViewCell.swift in Sources */ = {isa = PBXBuildFile; fileRef = C2E86C1E2A34C39F00F95387 /* CourseTableViewCell.swift */; };
/* End PBXBuildFile section */

/* Begin PBXFileReference section */
		440156922A221FC6006C3B7A /* MonumentalHabitApp.app */ = {isa = PBXFileReference; explicitFileType = wrapper.application; includeInIndex = 0; path = MonumentalHabitApp.app; sourceTree = BUILT_PRODUCTS_DIR; };
		440156952A221FC6006C3B7A /* AppDelegate.swift */ = {isa = PBXFileReference; lastKnownFileType = sourcecode.swift; path = AppDelegate.swift; sourceTree = "<group>"; };
		440156972A221FC6006C3B7A /* SceneDelegate.swift */ = {isa = PBXFileReference; lastKnownFileType = sourcecode.swift; path = SceneDelegate.swift; sourceTree = "<group>"; };
		4401569E2A221FC8006C3B7A /* Assets.xcassets */ = {isa = PBXFileReference; lastKnownFileType = folder.assetcatalog; path = Assets.xcassets; sourceTree = "<group>"; };
		440156A12A221FC8006C3B7A /* Base */ = {isa = PBXFileReference; lastKnownFileType = file.storyboard; name = Base; path = Base.lproj/LaunchScreen.storyboard; sourceTree = "<group>"; };
		440156A32A221FC8006C3B7A /* Info.plist */ = {isa = PBXFileReference; lastKnownFileType = text.plist.xml; path = Info.plist; sourceTree = "<group>"; };
		440156B32A2224A3006C3B7A /* Colors.swift */ = {isa = PBXFileReference; lastKnownFileType = sourcecode.swift; path = Colors.swift; sourceTree = "<group>"; };
		440156BA2A2226B7006C3B7A /* UIColor+Extension.swift */ = {isa = PBXFileReference; lastKnownFileType = sourcecode.swift; path = "UIColor+Extension.swift"; sourceTree = "<group>"; };
		440156BC2A222886006C3B7A /* ViewController.swift */ = {isa = PBXFileReference; lastKnownFileType = sourcecode.swift; path = ViewController.swift; sourceTree = "<group>"; };
		440156BE2A2228D6006C3B7A /* Fonts.swift */ = {isa = PBXFileReference; lastKnownFileType = sourcecode.swift; path = Fonts.swift; sourceTree = "<group>"; };
		440156C32A2229BB006C3B7A /* Klasik Shadow.otf */ = {isa = PBXFileReference; lastKnownFileType = file; path = "Klasik Shadow.otf"; sourceTree = "<group>"; };
		440156C42A2229BB006C3B7A /* Klasik Regular.otf */ = {isa = PBXFileReference; lastKnownFileType = file; path = "Klasik Regular.otf"; sourceTree = "<group>"; };
		440156C52A2229BC006C3B7A /* Klasik Rough.otf */ = {isa = PBXFileReference; lastKnownFileType = file; path = "Klasik Rough.otf"; sourceTree = "<group>"; };
		440156C92A222A14006C3B7A /* Manrope-Medium.ttf */ = {isa = PBXFileReference; lastKnownFileType = file; path = "Manrope-Medium.ttf"; sourceTree = "<group>"; };
		440156CA2A222A14006C3B7A /* Manrope-Light.ttf */ = {isa = PBXFileReference; lastKnownFileType = file; path = "Manrope-Light.ttf"; sourceTree = "<group>"; };
		440156CB2A222A14006C3B7A /* Manrope-SemiBold.ttf */ = {isa = PBXFileReference; lastKnownFileType = file; path = "Manrope-SemiBold.ttf"; sourceTree = "<group>"; };
		440156CC2A222A14006C3B7A /* Manrope-ExtraLight.ttf */ = {isa = PBXFileReference; lastKnownFileType = file; path = "Manrope-ExtraLight.ttf"; sourceTree = "<group>"; };
		440156CD2A222A14006C3B7A /* Manrope-Regular.ttf */ = {isa = PBXFileReference; lastKnownFileType = file; path = "Manrope-Regular.ttf"; sourceTree = "<group>"; };
		440156CE2A222A14006C3B7A /* Manrope-Bold.ttf */ = {isa = PBXFileReference; lastKnownFileType = file; path = "Manrope-Bold.ttf"; sourceTree = "<group>"; };
		440156CF2A222A14006C3B7A /* Manrope-ExtraBold.ttf */ = {isa = PBXFileReference; lastKnownFileType = file; path = "Manrope-ExtraBold.ttf"; sourceTree = "<group>"; };
		440156D72A2231FF006C3B7A /* UIView+Extension.swift */ = {isa = PBXFileReference; lastKnownFileType = sourcecode.swift; path = "UIView+Extension.swift"; sourceTree = "<group>"; };
		440156DC2A2237DA006C3B7A /* LoginViewController.swift */ = {isa = PBXFileReference; lastKnownFileType = sourcecode.swift; path = LoginViewController.swift; sourceTree = "<group>"; };
		440156E02A230E21006C3B7A /* CustomInputTextField.swift */ = {isa = PBXFileReference; lastKnownFileType = sourcecode.swift; path = CustomInputTextField.swift; sourceTree = "<group>"; };
		440156F22A23978E006C3B7A /* LoginWithEmailView.swift */ = {isa = PBXFileReference; lastKnownFileType = sourcecode.swift; path = LoginWithEmailView.swift; sourceTree = "<group>"; };
		440156F42A239844006C3B7A /* CustomCardHeaderView.swift */ = {isa = PBXFileReference; lastKnownFileType = sourcecode.swift; path = CustomCardHeaderView.swift; sourceTree = "<group>"; };
		440156FC2A26E92B006C3B7A /* SplashViewController.swift */ = {isa = PBXFileReference; fileEncoding = 4; lastKnownFileType = sourcecode.swift; path = SplashViewController.swift; sourceTree = "<group>"; };
		440156FD2A26E92B006C3B7A /* IntroductionViewController.swift */ = {isa = PBXFileReference; fileEncoding = 4; lastKnownFileType = sourcecode.swift; path = IntroductionViewController.swift; sourceTree = "<group>"; };
		440157002A2B17C6006C3B7A /* UIButton+Extension.swift */ = {isa = PBXFileReference; lastKnownFileType = sourcecode.swift; path = "UIButton+Extension.swift"; sourceTree = "<group>"; };
		44193D392A27666D003597CB /* SignUpViewController.swift */ = {isa = PBXFileReference; lastKnownFileType = sourcecode.swift; path = SignUpViewController.swift; sourceTree = "<group>"; };
		44193D3B2A277646003597CB /* UIViewController+Extension.swift */ = {isa = PBXFileReference; lastKnownFileType = sourcecode.swift; path = "UIViewController+Extension.swift"; sourceTree = "<group>"; };
		44DDF7402A2624D100502B0D /* others.swift */ = {isa = PBXFileReference; lastKnownFileType = sourcecode.swift; path = others.swift; sourceTree = "<group>"; };
		C25102722A2238EF003FB0A5 /* SplashViewController.swift */ = {isa = PBXFileReference; lastKnownFileType = sourcecode.swift; path = SplashViewController.swift; sourceTree = "<group>"; };
		C25102742A2246A5003FB0A5 /* IntroductionViewController.swift */ = {isa = PBXFileReference; lastKnownFileType = sourcecode.swift; path = IntroductionViewController.swift; sourceTree = "<group>"; };
		C2E86C182A34B9BF00F95387 /* CoursesViewController.swift */ = {isa = PBXFileReference; lastKnownFileType = sourcecode.swift; path = CoursesViewController.swift; sourceTree = "<group>"; };
		C2E86C1E2A34C39F00F95387 /* CourseTableViewCell.swift */ = {isa = PBXFileReference; lastKnownFileType = sourcecode.swift; path = CourseTableViewCell.swift; sourceTree = "<group>"; };
/* End PBXFileReference section */

/* Begin PBXFrameworksBuildPhase section */
		4401568F2A221FC6006C3B7A /* Frameworks */ = {
			isa = PBXFrameworksBuildPhase;
			buildActionMask = 2147483647;
			files = (
			);
			runOnlyForDeploymentPostprocessing = 0;
		};
/* End PBXFrameworksBuildPhase section */

/* Begin PBXGroup section */
		440156892A221FC5006C3B7A = {
			isa = PBXGroup;
			children = (
				440156942A221FC6006C3B7A /* MonumentalHabitApp */,
				440156932A221FC6006C3B7A /* Products */,
				440156EB2A2349A1006C3B7A /* Recovered References */,
			);
			sourceTree = "<group>";
		};
		440156932A221FC6006C3B7A /* Products */ = {
			isa = PBXGroup;
			children = (
				440156922A221FC6006C3B7A /* MonumentalHabitApp.app */,
			);
			name = Products;
			sourceTree = "<group>";
		};
		440156942A221FC6006C3B7A /* MonumentalHabitApp */ = {
			isa = PBXGroup;
			children = (
				440156AC2A222048006C3B7A /* Resources */,
				440156AB2A222036006C3B7A /* Utils */,
				440156AA2A22202E006C3B7A /* Screens */,
				440156A92A22201A006C3B7A /* SupportingFiles */,
			);
			path = MonumentalHabitApp;
			sourceTree = "<group>";
		};
		440156A92A22201A006C3B7A /* SupportingFiles */ = {
			isa = PBXGroup;
			children = (
				440156A02A221FC8006C3B7A /* LaunchScreen.storyboard */,
				440156A32A221FC8006C3B7A /* Info.plist */,
				440156952A221FC6006C3B7A /* AppDelegate.swift */,
				440156972A221FC6006C3B7A /* SceneDelegate.swift */,
			);
			path = SupportingFiles;
			sourceTree = "<group>";
		};
		440156AA2A22202E006C3B7A /* Screens */ = {
			isa = PBXGroup;
			children = (
				C2E86C172A34B98600F95387 /* Course */,
				44193D382A276654003597CB /* SignUp */,
				440156FB2A26E92B006C3B7A /* Onboarding */,
				440156F12A23976D006C3B7A /* ReusableViews */,
				440156DB2A2237D0006C3B7A /* Login */,
				440156BC2A222886006C3B7A /* ViewController.swift */,
			);
			path = Screens;
			sourceTree = "<group>";
		};
		440156AB2A222036006C3B7A /* Utils */ = {
			isa = PBXGroup;
			children = (
				440156B52A2224D9006C3B7A /* Extensions */,
				440156B32A2224A3006C3B7A /* Colors.swift */,
				440156BE2A2228D6006C3B7A /* Fonts.swift */,
			);
			path = Utils;
			sourceTree = "<group>";
		};
		440156AC2A222048006C3B7A /* Resources */ = {
			isa = PBXGroup;
			children = (
				440156C02A222994006C3B7A /* Fonts */,
				4401569E2A221FC8006C3B7A /* Assets.xcassets */,
			);
			path = Resources;
			sourceTree = "<group>";
		};
		440156B52A2224D9006C3B7A /* Extensions */ = {
			isa = PBXGroup;
			children = (
				440156BA2A2226B7006C3B7A /* UIColor+Extension.swift */,
				440156D72A2231FF006C3B7A /* UIView+Extension.swift */,
				44DDF7402A2624D100502B0D /* others.swift */,
				44193D3B2A277646003597CB /* UIViewController+Extension.swift */,
				440157002A2B17C6006C3B7A /* UIButton+Extension.swift */,
			);
			path = Extensions;
			sourceTree = "<group>";
		};
		440156C02A222994006C3B7A /* Fonts */ = {
			isa = PBXGroup;
			children = (
				440156C22A2229B0006C3B7A /* Manrope */,
				440156C12A222999006C3B7A /* Klasik */,
			);
			path = Fonts;
			sourceTree = "<group>";
		};
		440156C12A222999006C3B7A /* Klasik */ = {
			isa = PBXGroup;
			children = (
				440156C42A2229BB006C3B7A /* Klasik Regular.otf */,
				440156C52A2229BC006C3B7A /* Klasik Rough.otf */,
				440156C32A2229BB006C3B7A /* Klasik Shadow.otf */,
			);
			path = Klasik;
			sourceTree = "<group>";
		};
		440156C22A2229B0006C3B7A /* Manrope */ = {
			isa = PBXGroup;
			children = (
				440156CE2A222A14006C3B7A /* Manrope-Bold.ttf */,
				440156CF2A222A14006C3B7A /* Manrope-ExtraBold.ttf */,
				440156CC2A222A14006C3B7A /* Manrope-ExtraLight.ttf */,
				440156CA2A222A14006C3B7A /* Manrope-Light.ttf */,
				440156C92A222A14006C3B7A /* Manrope-Medium.ttf */,
				440156CD2A222A14006C3B7A /* Manrope-Regular.ttf */,
				440156CB2A222A14006C3B7A /* Manrope-SemiBold.ttf */,
			);
			path = Manrope;
			sourceTree = "<group>";
		};
		440156DB2A2237D0006C3B7A /* Login */ = {
			isa = PBXGroup;
			children = (
				440156DF2A230DF5006C3B7A /* Controller */,
				440156DE2A230DEB006C3B7A /* View */,
			);
			path = Login;
			sourceTree = "<group>";
		};
		440156DE2A230DEB006C3B7A /* View */ = {
			isa = PBXGroup;
			children = (
				440156F22A23978E006C3B7A /* LoginWithEmailView.swift */,
			);
			path = View;
			sourceTree = "<group>";
		};
		440156DF2A230DF5006C3B7A /* Controller */ = {
			isa = PBXGroup;
			children = (
				440156DC2A2237DA006C3B7A /* LoginViewController.swift */,
			);
			path = Controller;
			sourceTree = "<group>";
		};
		440156EB2A2349A1006C3B7A /* Recovered References */ = {
			isa = PBXGroup;
			children = (
				C25102722A2238EF003FB0A5 /* SplashViewController.swift */,
				C25102742A2246A5003FB0A5 /* IntroductionViewController.swift */,
			);
			name = "Recovered References";
			sourceTree = "<group>";
		};
		440156F12A23976D006C3B7A /* ReusableViews */ = {
			isa = PBXGroup;
			children = (
				440156E02A230E21006C3B7A /* CustomInputTextField.swift */,
				440156F42A239844006C3B7A /* CustomCardHeaderView.swift */,
			);
			path = ReusableViews;
			sourceTree = "<group>";
		};
		440156FB2A26E92B006C3B7A /* Onboarding */ = {
			isa = PBXGroup;
			children = (
				440156FC2A26E92B006C3B7A /* SplashViewController.swift */,
				440156FD2A26E92B006C3B7A /* IntroductionViewController.swift */,
			);
			path = Onboarding;
			sourceTree = "<group>";
		};
		44193D382A276654003597CB /* SignUp */ = {
			isa = PBXGroup;
			children = (
				44193D392A27666D003597CB /* SignUpViewController.swift */,
			);
			path = SignUp;
			sourceTree = "<group>";
		};
		C2E86C172A34B98600F95387 /* Course */ = {
			isa = PBXGroup;
			children = (
				C2E86C1B2A34BA4000F95387 /* View */,
				C2E86C1A2A34BA2F00F95387 /* Controller */,
			);
			path = Course;
			sourceTree = "<group>";
		};
		C2E86C1A2A34BA2F00F95387 /* Controller */ = {
			isa = PBXGroup;
			children = (
				C2E86C182A34B9BF00F95387 /* CoursesViewController.swift */,
			);
			path = Controller;
			sourceTree = "<group>";
		};
		C2E86C1B2A34BA4000F95387 /* View */ = {
			isa = PBXGroup;
			children = (
				C2E86C1E2A34C39F00F95387 /* CourseTableViewCell.swift */,
			);
			path = View;
			sourceTree = "<group>";
		};
/* End PBXGroup section */

/* Begin PBXNativeTarget section */
		440156912A221FC6006C3B7A /* MonumentalHabitApp */ = {
			isa = PBXNativeTarget;
			buildConfigurationList = 440156A62A221FC8006C3B7A /* Build configuration list for PBXNativeTarget "MonumentalHabitApp" */;
			buildPhases = (
				4401568E2A221FC6006C3B7A /* Sources */,
				4401568F2A221FC6006C3B7A /* Frameworks */,
				440156902A221FC6006C3B7A /* Resources */,
			);
			buildRules = (
			);
			dependencies = (
			);
			name = MonumentalHabitApp;
			productName = MonumentalHabitApp;
			productReference = 440156922A221FC6006C3B7A /* MonumentalHabitApp.app */;
			productType = "com.apple.product-type.application";
		};
/* End PBXNativeTarget section */

/* Begin PBXProject section */
		4401568A2A221FC5006C3B7A /* Project object */ = {
			isa = PBXProject;
			attributes = {
				BuildIndependentTargetsInParallel = 1;
				LastSwiftUpdateCheck = 1430;
				LastUpgradeCheck = 1430;
				TargetAttributes = {
					440156912A221FC6006C3B7A = {
						CreatedOnToolsVersion = 14.3;
					};
				};
			};
			buildConfigurationList = 4401568D2A221FC5006C3B7A /* Build configuration list for PBXProject "MonumentalHabitApp" */;
			compatibilityVersion = "Xcode 14.0";
			developmentRegion = en;
			hasScannedForEncodings = 0;
			knownRegions = (
				en,
				Base,
			);
			mainGroup = 440156892A221FC5006C3B7A;
			productRefGroup = 440156932A221FC6006C3B7A /* Products */;
			projectDirPath = "";
			projectRoot = "";
			targets = (
				440156912A221FC6006C3B7A /* MonumentalHabitApp */,
			);
		};
/* End PBXProject section */

/* Begin PBXResourcesBuildPhase section */
		440156902A221FC6006C3B7A /* Resources */ = {
			isa = PBXResourcesBuildPhase;
			buildActionMask = 2147483647;
			files = (
				440156D02A222A14006C3B7A /* Manrope-Medium.ttf in Resources */,
				440156A22A221FC8006C3B7A /* LaunchScreen.storyboard in Resources */,
				440156D12A222A14006C3B7A /* Manrope-Light.ttf in Resources */,
				440156C82A2229BC006C3B7A /* Klasik Rough.otf in Resources */,
				4401569F2A221FC8006C3B7A /* Assets.xcassets in Resources */,
				440156C72A2229BC006C3B7A /* Klasik Regular.otf in Resources */,
				440156D42A222A14006C3B7A /* Manrope-Regular.ttf in Resources */,
				440156D22A222A14006C3B7A /* Manrope-SemiBold.ttf in Resources */,
				440156D32A222A14006C3B7A /* Manrope-ExtraLight.ttf in Resources */,
				440156D62A222A14006C3B7A /* Manrope-ExtraBold.ttf in Resources */,
				440156C62A2229BC006C3B7A /* Klasik Shadow.otf in Resources */,
				440156D52A222A14006C3B7A /* Manrope-Bold.ttf in Resources */,
			);
			runOnlyForDeploymentPostprocessing = 0;
		};
/* End PBXResourcesBuildPhase section */

/* Begin PBXSourcesBuildPhase section */
		4401568E2A221FC6006C3B7A /* Sources */ = {
			isa = PBXSourcesBuildPhase;
			buildActionMask = 2147483647;
			files = (
				440156BD2A222886006C3B7A /* ViewController.swift in Sources */,
				440156FF2A26E92B006C3B7A /* IntroductionViewController.swift in Sources */,
				440156D82A2231FF006C3B7A /* UIView+Extension.swift in Sources */,
				440156962A221FC6006C3B7A /* AppDelegate.swift in Sources */,
				C2E86C1F2A34C39F00F95387 /* CourseTableViewCell.swift in Sources */,
				44193D3C2A277646003597CB /* UIViewController+Extension.swift in Sources */,
				440157012A2B17C6006C3B7A /* UIButton+Extension.swift in Sources */,
				440156B42A2224A3006C3B7A /* Colors.swift in Sources */,
				440156E12A230E21006C3B7A /* CustomInputTextField.swift in Sources */,
				440156FE2A26E92B006C3B7A /* SplashViewController.swift in Sources */,
				44DDF7412A2624D100502B0D /* others.swift in Sources */,
				440156DD2A2237DA006C3B7A /* LoginViewController.swift in Sources */,
				44193D3A2A27666D003597CB /* SignUpViewController.swift in Sources */,
				440156F32A23978E006C3B7A /* LoginWithEmailView.swift in Sources */,
				440156982A221FC6006C3B7A /* SceneDelegate.swift in Sources */,
				440156BF2A2228D6006C3B7A /* Fonts.swift in Sources */,
				440156F52A239844006C3B7A /* CustomCardHeaderView.swift in Sources */,
				440156BB2A2226B7006C3B7A /* UIColor+Extension.swift in Sources */,
				C2E86C192A34B9BF00F95387 /* CoursesViewController.swift in Sources */,
			);
			runOnlyForDeploymentPostprocessing = 0;
		};
/* End PBXSourcesBuildPhase section */

/* Begin PBXVariantGroup section */
		440156A02A221FC8006C3B7A /* LaunchScreen.storyboard */ = {
			isa = PBXVariantGroup;
			children = (
				440156A12A221FC8006C3B7A /* Base */,
			);
			name = LaunchScreen.storyboard;
			sourceTree = "<group>";
		};
/* End PBXVariantGroup section */

/* Begin XCBuildConfiguration section */
		440156A42A221FC8006C3B7A /* Debug */ = {
			isa = XCBuildConfiguration;
			buildSettings = {
				ALWAYS_SEARCH_USER_PATHS = NO;
				CLANG_ANALYZER_NONNULL = YES;
				CLANG_ANALYZER_NUMBER_OBJECT_CONVERSION = YES_AGGRESSIVE;
				CLANG_CXX_LANGUAGE_STANDARD = "gnu++20";
				CLANG_ENABLE_MODULES = YES;
				CLANG_ENABLE_OBJC_ARC = YES;
				CLANG_ENABLE_OBJC_WEAK = YES;
				CLANG_WARN_BLOCK_CAPTURE_AUTORELEASING = YES;
				CLANG_WARN_BOOL_CONVERSION = YES;
				CLANG_WARN_COMMA = YES;
				CLANG_WARN_CONSTANT_CONVERSION = YES;
				CLANG_WARN_DEPRECATED_OBJC_IMPLEMENTATIONS = YES;
				CLANG_WARN_DIRECT_OBJC_ISA_USAGE = YES_ERROR;
				CLANG_WARN_DOCUMENTATION_COMMENTS = YES;
				CLANG_WARN_EMPTY_BODY = YES;
				CLANG_WARN_ENUM_CONVERSION = YES;
				CLANG_WARN_INFINITE_RECURSION = YES;
				CLANG_WARN_INT_CONVERSION = YES;
				CLANG_WARN_NON_LITERAL_NULL_CONVERSION = YES;
				CLANG_WARN_OBJC_IMPLICIT_RETAIN_SELF = YES;
				CLANG_WARN_OBJC_LITERAL_CONVERSION = YES;
				CLANG_WARN_OBJC_ROOT_CLASS = YES_ERROR;
				CLANG_WARN_QUOTED_INCLUDE_IN_FRAMEWORK_HEADER = YES;
				CLANG_WARN_RANGE_LOOP_ANALYSIS = YES;
				CLANG_WARN_STRICT_PROTOTYPES = YES;
				CLANG_WARN_SUSPICIOUS_MOVE = YES;
				CLANG_WARN_UNGUARDED_AVAILABILITY = YES_AGGRESSIVE;
				CLANG_WARN_UNREACHABLE_CODE = YES;
				CLANG_WARN__DUPLICATE_METHOD_MATCH = YES;
				COPY_PHASE_STRIP = NO;
				DEBUG_INFORMATION_FORMAT = dwarf;
				ENABLE_STRICT_OBJC_MSGSEND = YES;
				ENABLE_TESTABILITY = YES;
				GCC_C_LANGUAGE_STANDARD = gnu11;
				GCC_DYNAMIC_NO_PIC = NO;
				GCC_NO_COMMON_BLOCKS = YES;
				GCC_OPTIMIZATION_LEVEL = 0;
				GCC_PREPROCESSOR_DEFINITIONS = (
					"DEBUG=1",
					"$(inherited)",
				);
				GCC_WARN_64_TO_32_BIT_CONVERSION = YES;
				GCC_WARN_ABOUT_RETURN_TYPE = YES_ERROR;
				GCC_WARN_UNDECLARED_SELECTOR = YES;
				GCC_WARN_UNINITIALIZED_AUTOS = YES_AGGRESSIVE;
				GCC_WARN_UNUSED_FUNCTION = YES;
				GCC_WARN_UNUSED_VARIABLE = YES;
				IPHONEOS_DEPLOYMENT_TARGET = 16.4;
				MTL_ENABLE_DEBUG_INFO = INCLUDE_SOURCE;
				MTL_FAST_MATH = YES;
				ONLY_ACTIVE_ARCH = YES;
				SDKROOT = iphoneos;
				SWIFT_ACTIVE_COMPILATION_CONDITIONS = DEBUG;
				SWIFT_OPTIMIZATION_LEVEL = "-Onone";
			};
			name = Debug;
		};
		440156A52A221FC8006C3B7A /* Release */ = {
			isa = XCBuildConfiguration;
			buildSettings = {
				ALWAYS_SEARCH_USER_PATHS = NO;
				CLANG_ANALYZER_NONNULL = YES;
				CLANG_ANALYZER_NUMBER_OBJECT_CONVERSION = YES_AGGRESSIVE;
				CLANG_CXX_LANGUAGE_STANDARD = "gnu++20";
				CLANG_ENABLE_MODULES = YES;
				CLANG_ENABLE_OBJC_ARC = YES;
				CLANG_ENABLE_OBJC_WEAK = YES;
				CLANG_WARN_BLOCK_CAPTURE_AUTORELEASING = YES;
				CLANG_WARN_BOOL_CONVERSION = YES;
				CLANG_WARN_COMMA = YES;
				CLANG_WARN_CONSTANT_CONVERSION = YES;
				CLANG_WARN_DEPRECATED_OBJC_IMPLEMENTATIONS = YES;
				CLANG_WARN_DIRECT_OBJC_ISA_USAGE = YES_ERROR;
				CLANG_WARN_DOCUMENTATION_COMMENTS = YES;
				CLANG_WARN_EMPTY_BODY = YES;
				CLANG_WARN_ENUM_CONVERSION = YES;
				CLANG_WARN_INFINITE_RECURSION = YES;
				CLANG_WARN_INT_CONVERSION = YES;
				CLANG_WARN_NON_LITERAL_NULL_CONVERSION = YES;
				CLANG_WARN_OBJC_IMPLICIT_RETAIN_SELF = YES;
				CLANG_WARN_OBJC_LITERAL_CONVERSION = YES;
				CLANG_WARN_OBJC_ROOT_CLASS = YES_ERROR;
				CLANG_WARN_QUOTED_INCLUDE_IN_FRAMEWORK_HEADER = YES;
				CLANG_WARN_RANGE_LOOP_ANALYSIS = YES;
				CLANG_WARN_STRICT_PROTOTYPES = YES;
				CLANG_WARN_SUSPICIOUS_MOVE = YES;
				CLANG_WARN_UNGUARDED_AVAILABILITY = YES_AGGRESSIVE;
				CLANG_WARN_UNREACHABLE_CODE = YES;
				CLANG_WARN__DUPLICATE_METHOD_MATCH = YES;
				COPY_PHASE_STRIP = NO;
				DEBUG_INFORMATION_FORMAT = "dwarf-with-dsym";
				ENABLE_NS_ASSERTIONS = NO;
				ENABLE_STRICT_OBJC_MSGSEND = YES;
				GCC_C_LANGUAGE_STANDARD = gnu11;
				GCC_NO_COMMON_BLOCKS = YES;
				GCC_WARN_64_TO_32_BIT_CONVERSION = YES;
				GCC_WARN_ABOUT_RETURN_TYPE = YES_ERROR;
				GCC_WARN_UNDECLARED_SELECTOR = YES;
				GCC_WARN_UNINITIALIZED_AUTOS = YES_AGGRESSIVE;
				GCC_WARN_UNUSED_FUNCTION = YES;
				GCC_WARN_UNUSED_VARIABLE = YES;
				IPHONEOS_DEPLOYMENT_TARGET = 16.4;
				MTL_ENABLE_DEBUG_INFO = NO;
				MTL_FAST_MATH = YES;
				SDKROOT = iphoneos;
				SWIFT_COMPILATION_MODE = wholemodule;
				SWIFT_OPTIMIZATION_LEVEL = "-O";
				VALIDATE_PRODUCT = YES;
			};
			name = Release;
		};
		440156A72A221FC8006C3B7A /* Debug */ = {
			isa = XCBuildConfiguration;
			buildSettings = {
				ASSETCATALOG_COMPILER_APPICON_NAME = AppIcon;
				ASSETCATALOG_COMPILER_GLOBAL_ACCENT_COLOR_NAME = AccentColor;
				CODE_SIGN_STYLE = Automatic;
				CURRENT_PROJECT_VERSION = 1;
				DEVELOPMENT_TEAM = 9W5STY688V;
				GENERATE_INFOPLIST_FILE = YES;
				INFOPLIST_FILE = MonumentalHabitApp/SupportingFiles/Info.plist;
				INFOPLIST_KEY_UIApplicationSupportsIndirectInputEvents = YES;
				INFOPLIST_KEY_UILaunchStoryboardName = LaunchScreen;
				INFOPLIST_KEY_UISupportedInterfaceOrientations_iPad = "UIInterfaceOrientationPortrait UIInterfaceOrientationPortraitUpsideDown UIInterfaceOrientationLandscapeLeft UIInterfaceOrientationLandscapeRight";
				INFOPLIST_KEY_UISupportedInterfaceOrientations_iPhone = "UIInterfaceOrientationPortrait UIInterfaceOrientationLandscapeLeft UIInterfaceOrientationLandscapeRight";
				LD_RUNPATH_SEARCH_PATHS = (
					"$(inherited)",
					"@executable_path/Frameworks",
				);
				MARKETING_VERSION = 1.0;
				PRODUCT_BUNDLE_IDENTIFIER = com.dheerajdev.MonumentalHabitApp;
				PRODUCT_NAME = "$(TARGET_NAME)";
				SWIFT_EMIT_LOC_STRINGS = YES;
				SWIFT_VERSION = 5.0;
				TARGETED_DEVICE_FAMILY = "1,2";
			};
			name = Debug;
		};
		440156A82A221FC8006C3B7A /* Release */ = {
			isa = XCBuildConfiguration;
			buildSettings = {
				ASSETCATALOG_COMPILER_APPICON_NAME = AppIcon;
				ASSETCATALOG_COMPILER_GLOBAL_ACCENT_COLOR_NAME = AccentColor;
				CODE_SIGN_STYLE = Automatic;
				CURRENT_PROJECT_VERSION = 1;
				DEVELOPMENT_TEAM = 9W5STY688V;
				GENERATE_INFOPLIST_FILE = YES;
				INFOPLIST_FILE = MonumentalHabitApp/SupportingFiles/Info.plist;
				INFOPLIST_KEY_UIApplicationSupportsIndirectInputEvents = YES;
				INFOPLIST_KEY_UILaunchStoryboardName = LaunchScreen;
				INFOPLIST_KEY_UISupportedInterfaceOrientations_iPad = "UIInterfaceOrientationPortrait UIInterfaceOrientationPortraitUpsideDown UIInterfaceOrientationLandscapeLeft UIInterfaceOrientationLandscapeRight";
				INFOPLIST_KEY_UISupportedInterfaceOrientations_iPhone = "UIInterfaceOrientationPortrait UIInterfaceOrientationLandscapeLeft UIInterfaceOrientationLandscapeRight";
				LD_RUNPATH_SEARCH_PATHS = (
					"$(inherited)",
					"@executable_path/Frameworks",
				);
				MARKETING_VERSION = 1.0;
				PRODUCT_BUNDLE_IDENTIFIER = com.dheerajdev.MonumentalHabitApp;
				PRODUCT_NAME = "$(TARGET_NAME)";
				SWIFT_EMIT_LOC_STRINGS = YES;
				SWIFT_VERSION = 5.0;
				TARGETED_DEVICE_FAMILY = "1,2";
			};
			name = Release;
		};
/* End XCBuildConfiguration section */

/* Begin XCConfigurationList section */
		4401568D2A221FC5006C3B7A /* Build configuration list for PBXProject "MonumentalHabitApp" */ = {
			isa = XCConfigurationList;
			buildConfigurations = (
				440156A42A221FC8006C3B7A /* Debug */,
				440156A52A221FC8006C3B7A /* Release */,
			);
			defaultConfigurationIsVisible = 0;
			defaultConfigurationName = Release;
		};
		440156A62A221FC8006C3B7A /* Build configuration list for PBXNativeTarget "MonumentalHabitApp" */ = {
			isa = XCConfigurationList;
			buildConfigurations = (
				440156A72A221FC8006C3B7A /* Debug */,
				440156A82A221FC8006C3B7A /* Release */,
			);
			defaultConfigurationIsVisible = 0;
			defaultConfigurationName = Release;
		};
/* End XCConfigurationList section */
	};
	rootObject = 4401568A2A221FC5006C3B7A /* Project object */;
}
